
Microsoft Visual Studio Solution File, Format Version 12.00
# Visual Studio Version 17
VisualStudioVersion = 17.10.35027.167
MinimumVisualStudioVersion = 10.0.40219.1
Project("{9A19103F-16F7-4668-BE54-9A1E7A4F7556}") = "ClassDemo", "ClassDemoProject\ClassDemo.csproj", "{4C504CD5-DCC0-4C21-AC44-191C9F5E9AE6}"
EndProject
Global
	GlobalSection(SolutionConfigurationPlatforms) = preSolution
		Debug|Any CPU = Debug|Any CPU
		Release|Any CPU = Release|Any CPU
	EndGlobalSection
	GlobalSection(ProjectConfigurationPlatforms) = postSolution
		{4C504CD5-DCC0-4C21-AC44-191C9F5E9AE6}.Debug|Any CPU.ActiveCfg = Debug|Any CPU
		{4C504CD5-DCC0-4C21-AC44-191C9F5E9AE6}.Debug|Any CPU.Build.0 = Debug|Any CPU
		{4C504CD5-DCC0-4C21-AC44-191C9F5E9AE6}.Release|Any CPU.ActiveCfg = Release|Any CPU
		{4C504CD5-DCC0-4C21-AC44-191C9F5E9AE6}.Release|Any CPU.Build.0 = Release|Any CPU
	EndGlobalSection
	GlobalSection(SolutionProperties) = preSolution
		HideSolutionNode = FALSE
	EndGlobalSection
	GlobalSection(ExtensibilityGlobals) = postSolution
		SolutionGuid = {5031B2DA-6E83-4269-938F-3A2586D2D33D}
	EndGlobalSection
EndGlobal
